
Microsoft Visual Studio Solution File, Format Version 12.00
# Visual Studio Version 17
VisualStudioVersion = 17.7.34031.279
MinimumVisualStudioVersion = 10.0.40219.1
Project("{FAE04EC0-301F-11D3-BF4B-00C04F79EFBC}") = "NI365078_MVC5_L1", "NI365078_MVC5_L1\NI365078_MVC5_L1.csproj", "{8A182EF3-1658-4B7C-9DC6-6D57E5B205E8}"
EndProject
Project("{FAE04EC0-301F-11D3-BF4B-00C04F79EFBC}") = "SOWRunAssignment", "SOWRunAssignment\SOWRunAssignment.csproj", "{F9DD9258-9D97-43A3-96E2-5E5924FCF40B}"
EndProject
Global
	GlobalSection(SolutionConfigurationPlatforms) = preSolution
		Debug|Any CPU = Debug|Any CPU
		Release|Any CPU = Release|Any CPU
	EndGlobalSection
	GlobalSection(ProjectConfigurationPlatforms) = postSolution
		{8A182EF3-1658-4B7C-9DC6-6D57E5B205E8}.Debug|Any CPU.ActiveCfg = Debug|Any CPU
		{8A182EF3-1658-4B7C-9DC6-6D57E5B205E8}.Debug|Any CPU.Build.0 = Debug|Any CPU
		{8A182EF3-1658-4B7C-9DC6-6D57E5B205E8}.Release|Any CPU.ActiveCfg = Release|Any CPU
		{8A182EF3-1658-4B7C-9DC6-6D57E5B205E8}.Release|Any CPU.Build.0 = Release|Any CPU
		{F9DD9258-9D97-43A3-96E2-5E5924FCF40B}.Debug|Any CPU.ActiveCfg = Debug|Any CPU
		{F9DD9258-9D97-43A3-96E2-5E5924FCF40B}.Debug|Any CPU.Build.0 = Debug|Any CPU
		{F9DD9258-9D97-43A3-96E2-5E5924FCF40B}.Release|Any CPU.ActiveCfg = Release|Any CPU
		{F9DD9258-9D97-43A3-96E2-5E5924FCF40B}.Release|Any CPU.Build.0 = Release|Any CPU
	EndGlobalSection
	GlobalSection(SolutionProperties) = preSolution
		HideSolutionNode = FALSE
	EndGlobalSection
	GlobalSection(ExtensibilityGlobals) = postSolution
		SolutionGuid = {76A630ED-AB5D-40C3-93A3-19DF0491B4DC}
	EndGlobalSection
EndGlobal
